
Microsoft Visual Studio Solution File, Format Version 12.00
# Visual Studio 15
VisualStudioVersion = 15.0.26430.14
MinimumVisualStudioVersion = 10.0.40219.1
Project("{FAE04EC0-301F-11D3-BF4B-00C04F79EFBC}") = "IoTSensorPortal", "IoTSensorPortal\IoTSensorPortal.csproj", "{D9C3DD4C-1CD8-464A-A8F0-4246FC92EDE4}"
EndProject
Project("{FAE04EC0-301F-11D3-BF4B-00C04F79EFBC}") = "IoTSensorPortal.UnitTests", "IoTSensorPortal.UnitTests\IoTSensorPortal.UnitTests.csproj", "{41E77960-4E8D-4483-80F1-418E45949B3D}"
EndProject
Project("{FAE04EC0-301F-11D3-BF4B-00C04F79EFBC}") = "IoTSensorPortal.Data", "IoTSensorPortal.Data\IoTSensorPortal.Data.csproj", "{02C82894-10D8-44A1-8EA7-9D8384816BBE}"
EndProject
Project("{FAE04EC0-301F-11D3-BF4B-00C04F79EFBC}") = "IoTSensorPortal.DataProvider", "IoTSensorPortal.DataProvider\IoTSensorPortal.DataProvider.csproj", "{8A5B7F06-17EB-408E-8B15-E574089D85D5}"
EndProject
Project("{FAE04EC0-301F-11D3-BF4B-00C04F79EFBC}") = "IoTSensorPortal.DataService", "IoTSensorPortal.DataService\IoTSensorPortal.DataService.csproj", "{9CA45C61-8B87-45D9-A1D3-457D3201C84F}"
EndProject
Project("{2150E333-8FDC-42A3-9474-1A3956D46DE8}") = "Data", "Data", "{DB50B1DC-43B2-4B90-84D7-30300BF71E99}"
EndProject
Global
	GlobalSection(SolutionConfigurationPlatforms) = preSolution
		Debug|Any CPU = Debug|Any CPU
		Release|Any CPU = Release|Any CPU
	EndGlobalSection
	GlobalSection(ProjectConfigurationPlatforms) = postSolution
		{D9C3DD4C-1CD8-464A-A8F0-4246FC92EDE4}.Debug|Any CPU.ActiveCfg = Debug|Any CPU
		{D9C3DD4C-1CD8-464A-A8F0-4246FC92EDE4}.Debug|Any CPU.Build.0 = Debug|Any CPU
		{D9C3DD4C-1CD8-464A-A8F0-4246FC92EDE4}.Release|Any CPU.ActiveCfg = Release|Any CPU
		{D9C3DD4C-1CD8-464A-A8F0-4246FC92EDE4}.Release|Any CPU.Build.0 = Release|Any CPU
		{41E77960-4E8D-4483-80F1-418E45949B3D}.Debug|Any CPU.ActiveCfg = Debug|Any CPU
		{41E77960-4E8D-4483-80F1-418E45949B3D}.Debug|Any CPU.Build.0 = Debug|Any CPU
		{41E77960-4E8D-4483-80F1-418E45949B3D}.Release|Any CPU.ActiveCfg = Release|Any CPU
		{41E77960-4E8D-4483-80F1-418E45949B3D}.Release|Any CPU.Build.0 = Release|Any CPU
		{02C82894-10D8-44A1-8EA7-9D8384816BBE}.Debug|Any CPU.ActiveCfg = Debug|Any CPU
		{02C82894-10D8-44A1-8EA7-9D8384816BBE}.Debug|Any CPU.Build.0 = Debug|Any CPU
		{02C82894-10D8-44A1-8EA7-9D8384816BBE}.Release|Any CPU.ActiveCfg = Release|Any CPU
		{02C82894-10D8-44A1-8EA7-9D8384816BBE}.Release|Any CPU.Build.0 = Release|Any CPU
		{8A5B7F06-17EB-408E-8B15-E574089D85D5}.Debug|Any CPU.ActiveCfg = Debug|Any CPU
		{8A5B7F06-17EB-408E-8B15-E574089D85D5}.Debug|Any CPU.Build.0 = Debug|Any CPU
		{8A5B7F06-17EB-408E-8B15-E574089D85D5}.Release|Any CPU.ActiveCfg = Release|Any CPU
		{8A5B7F06-17EB-408E-8B15-E574089D85D5}.Release|Any CPU.Build.0 = Release|Any CPU
		{9CA45C61-8B87-45D9-A1D3-457D3201C84F}.Debug|Any CPU.ActiveCfg = Debug|Any CPU
		{9CA45C61-8B87-45D9-A1D3-457D3201C84F}.Debug|Any CPU.Build.0 = Debug|Any CPU
		{9CA45C61-8B87-45D9-A1D3-457D3201C84F}.Release|Any CPU.ActiveCfg = Release|Any CPU
		{9CA45C61-8B87-45D9-A1D3-457D3201C84F}.Release|Any CPU.Build.0 = Release|Any CPU
	EndGlobalSection
	GlobalSection(SolutionProperties) = preSolution
		HideSolutionNode = FALSE
	EndGlobalSection
	GlobalSection(NestedProjects) = preSolution
		{02C82894-10D8-44A1-8EA7-9D8384816BBE} = {DB50B1DC-43B2-4B90-84D7-30300BF71E99}
		{8A5B7F06-17EB-408E-8B15-E574089D85D5} = {DB50B1DC-43B2-4B90-84D7-30300BF71E99}
		{9CA45C61-8B87-45D9-A1D3-457D3201C84F} = {DB50B1DC-43B2-4B90-84D7-30300BF71E99}
	EndGlobalSection
	GlobalSection(ExtensibilityGlobals) = postSolution
		SolutionGuid = {471E63F4-BD42-4E55-B4F0-CBB09CA2312B}
	EndGlobalSection
EndGlobal
